
Microsoft Visual Studio Solution File, Format Version 12.00
# Visual Studio 15
VisualStudioVersion = 15.0.27004.2006
MinimumVisualStudioVersion = 10.0.40219.1
Project("{FAE04EC0-301F-11D3-BF4B-00C04F79EFBC}") = "JetEngine", "JetEngine\JetEngine.csproj", "{D8B6F1C1-8CB8-4484-806C-186454D4F649}"
EndProject
Global
	GlobalSection(SolutionConfigurationPlatforms) = preSolution
		Debug|Any CPU = Debug|Any CPU
		Release|Any CPU = Release|Any CPU
	EndGlobalSection
	GlobalSection(ProjectConfigurationPlatforms) = postSolution
		{D8B6F1C1-8CB8-4484-806C-186454D4F649}.Debug|Any CPU.ActiveCfg = Debug|Any CPU
		{D8B6F1C1-8CB8-4484-806C-186454D4F649}.Debug|Any CPU.Build.0 = Debug|Any CPU
		{D8B6F1C1-8CB8-4484-806C-186454D4F649}.Release|Any CPU.ActiveCfg = Release|Any CPU
		{D8B6F1C1-8CB8-4484-806C-186454D4F649}.Release|Any CPU.Build.0 = Release|Any CPU
	EndGlobalSection
	GlobalSection(SolutionProperties) = preSolution
		HideSolutionNode = FALSE
	EndGlobalSection
	GlobalSection(ExtensibilityGlobals) = postSolution
		SolutionGuid = {B2DEB77C-DF5B-4024-AFAE-3CC6FC0E1E4C}
	EndGlobalSection
EndGlobal
